
Microsoft Visual Studio Solution File, Format Version 12.00
# Visual Studio Version 16
VisualStudioVersion = 16.0.30503.244
MinimumVisualStudioVersion = 10.0.40219.1
Project("{FAE04EC0-301F-11D3-BF4B-00C04F79EFBC}") = "UOLandscape", "UOLandscape\UOLandscape.csproj", "{170F9DB3-F53A-4524-8A8D-66C254DB58C2}"
EndProject
Project("{FAE04EC0-301F-11D3-BF4B-00C04F79EFBC}") = "UOLandscape.UnitTests", "UOLandscape.UnitTests\UOLandscape.UnitTests.csproj", "{A7681449-DFF3-4574-9F8E-688A5983523F}"
EndProject
Project("{FAE04EC0-301F-11D3-BF4B-00C04F79EFBC}") = "FNA.Core", "external\FNA\FNA.Core.csproj", "{3443D7BF-2F15-40FF-BF2C-D033A742B4F1}"
EndProject
Project("{2150E333-8FDC-42A3-9474-1A3956D46DE8}") = "Solution Items", "Solution Items", "{435F78E5-EA15-425D-A1B4-75B19D9D16A0}"
ProjectSection(SolutionItems) = preProject
	.gitignore = .gitignore
	LICENSE = LICENSE
	README.md = README.md
EndProjectSection
EndProject
Global
	GlobalSection(SolutionConfigurationPlatforms) = preSolution
		Debug|Any CPU = Debug|Any CPU
		Release|Any CPU = Release|Any CPU
	EndGlobalSection
	GlobalSection(ProjectConfigurationPlatforms) = postSolution
		{170F9DB3-F53A-4524-8A8D-66C254DB58C2}.Debug|Any CPU.ActiveCfg = Debug|Any CPU
		{170F9DB3-F53A-4524-8A8D-66C254DB58C2}.Debug|Any CPU.Build.0 = Debug|Any CPU
		{170F9DB3-F53A-4524-8A8D-66C254DB58C2}.Release|Any CPU.ActiveCfg = Release|Any CPU
		{170F9DB3-F53A-4524-8A8D-66C254DB58C2}.Release|Any CPU.Build.0 = Release|Any CPU
		{A7681449-DFF3-4574-9F8E-688A5983523F}.Debug|Any CPU.ActiveCfg = Debug|Any CPU
		{A7681449-DFF3-4574-9F8E-688A5983523F}.Debug|Any CPU.Build.0 = Debug|Any CPU
		{A7681449-DFF3-4574-9F8E-688A5983523F}.Release|Any CPU.ActiveCfg = Release|Any CPU
		{A7681449-DFF3-4574-9F8E-688A5983523F}.Release|Any CPU.Build.0 = Release|Any CPU
		{3443D7BF-2F15-40FF-BF2C-D033A742B4F1}.Debug|Any CPU.ActiveCfg = Debug|x64
		{3443D7BF-2F15-40FF-BF2C-D033A742B4F1}.Debug|Any CPU.Build.0 = Debug|x64
		{3443D7BF-2F15-40FF-BF2C-D033A742B4F1}.Release|Any CPU.ActiveCfg = Release|x64
		{3443D7BF-2F15-40FF-BF2C-D033A742B4F1}.Release|Any CPU.Build.0 = Release|x64
	EndGlobalSection
	GlobalSection(SolutionProperties) = preSolution
		HideSolutionNode = FALSE
	EndGlobalSection
	GlobalSection(ExtensibilityGlobals) = postSolution
		SolutionGuid = {4DAC9397-DFD9-40E7-AA46-031D8275A06E}
	EndGlobalSection
EndGlobal
